
Microsoft Visual Studio Solution File, Format Version 12.00
# Visual Studio 2012
Project("{FAE04EC0-301F-11D3-BF4B-00C04F79EFBC}") = "HillsboroughEducation", "HillsboroughEducation\HillsboroughEducation.csproj", "{D8D07239-9125-48C7-8A7A-1E217BA8C8BA}"
EndProject
Project("{FAE04EC0-301F-11D3-BF4B-00C04F79EFBC}") = "HillsboroughEducation.Tests", "HillsboroughEducation.Tests\HillsboroughEducation.Tests.csproj", "{BCA57053-26EC-48F4-9BE4-E609E1504A70}"
EndProject
Global
	GlobalSection(SolutionConfigurationPlatforms) = preSolution
		Debug|Any CPU = Debug|Any CPU
		Release|Any CPU = Release|Any CPU
	EndGlobalSection
	GlobalSection(ProjectConfigurationPlatforms) = postSolution
		{D8D07239-9125-48C7-8A7A-1E217BA8C8BA}.Debug|Any CPU.ActiveCfg = Debug|Any CPU
		{D8D07239-9125-48C7-8A7A-1E217BA8C8BA}.Debug|Any CPU.Build.0 = Debug|Any CPU
		{D8D07239-9125-48C7-8A7A-1E217BA8C8BA}.Release|Any CPU.ActiveCfg = Release|Any CPU
		{D8D07239-9125-48C7-8A7A-1E217BA8C8BA}.Release|Any CPU.Build.0 = Release|Any CPU
		{BCA57053-26EC-48F4-9BE4-E609E1504A70}.Debug|Any CPU.ActiveCfg = Debug|Any CPU
		{BCA57053-26EC-48F4-9BE4-E609E1504A70}.Debug|Any CPU.Build.0 = Debug|Any CPU
		{BCA57053-26EC-48F4-9BE4-E609E1504A70}.Release|Any CPU.ActiveCfg = Release|Any CPU
		{BCA57053-26EC-48F4-9BE4-E609E1504A70}.Release|Any CPU.Build.0 = Release|Any CPU
	EndGlobalSection
	GlobalSection(SolutionProperties) = preSolution
		HideSolutionNode = FALSE
	EndGlobalSection
EndGlobal
